// !$*UTF8*$!
{
	archiveVersion = 1;
	classes = {
	};
	objectVersion = 50;
	objects = {

/* Begin PBXBuildFile section */
		B8B693A749320431DCB4767D /* Pods_Weather.framework in Frameworks */ = {isa = PBXBuildFile; fileRef = B8BD42E643E99C16C01F6D64 /* Pods_Weather.framework */; };
		F515E30A24213ACF00E51BF5 /* AppDelegate.swift in Sources */ = {isa = PBXBuildFile; fileRef = F515E30924213ACF00E51BF5 /* AppDelegate.swift */; };
		F515E30C24213ACF00E51BF5 /* SceneDelegate.swift in Sources */ = {isa = PBXBuildFile; fileRef = F515E30B24213ACF00E51BF5 /* SceneDelegate.swift */; };
		F515E30E24213ACF00E51BF5 /* ViewController.swift in Sources */ = {isa = PBXBuildFile; fileRef = F515E30D24213ACF00E51BF5 /* ViewController.swift */; };
		F515E31124213ACF00E51BF5 /* Main.storyboard in Resources */ = {isa = PBXBuildFile; fileRef = F515E30F24213ACF00E51BF5 /* Main.storyboard */; };
		F515E31324213AD100E51BF5 /* Assets.xcassets in Resources */ = {isa = PBXBuildFile; fileRef = F515E31224213AD100E51BF5 /* Assets.xcassets */; };
		F515E31624213AD100E51BF5 /* LaunchScreen.storyboard in Resources */ = {isa = PBXBuildFile; fileRef = F515E31424213AD100E51BF5 /* LaunchScreen.storyboard */; };
		F59BC27F2422754D0065FCF1 /* GaodeLoca.swift in Sources */ = {isa = PBXBuildFile; fileRef = F59BC27E2422754D0065FCF1 /* GaodeLoca.swift */; };
		F59BC281242275F20065FCF1 /* Weather.swift in Sources */ = {isa = PBXBuildFile; fileRef = F59BC280242275F20065FCF1 /* Weather.swift */; };
		F59BC28624232BE60065FCF1 /* SelectcityController.swift in Sources */ = {isa = PBXBuildFile; fileRef = F59BC28524232BE60065FCF1 /* SelectcityController.swift */; };
/* End PBXBuildFile section */

/* Begin PBXFileReference section */
		65E2359BD2546EA56B693FB1 /* Pods-Weather.debug.xcconfig */ = {isa = PBXFileReference; includeInIndex = 1; lastKnownFileType = text.xcconfig; name = "Pods-Weather.debug.xcconfig"; path = "Pods/Target Support Files/Pods-Weather/Pods-Weather.debug.xcconfig"; sourceTree = "<group>"; };
		8827B2B6BF4A6835C4CDBED1 /* Pods-Weather.release.xcconfig */ = {isa = PBXFileReference; includeInIndex = 1; lastKnownFileType = text.xcconfig; name = "Pods-Weather.release.xcconfig"; path = "Pods/Target Support Files/Pods-Weather/Pods-Weather.release.xcconfig"; sourceTree = "<group>"; };
		B8BD42E643E99C16C01F6D64 /* Pods_Weather.framework */ = {isa = PBXFileReference; explicitFileType = wrapper.framework; includeInIndex = 0; path = Pods_Weather.framework; sourceTree = BUILT_PRODUCTS_DIR; };
		F515E30624213ACF00E51BF5 /* Weather.app */ = {isa = PBXFileReference; explicitFileType = wrapper.application; includeInIndex = 0; path = Weather.app; sourceTree = BUILT_PRODUCTS_DIR; };
		F515E30924213ACF00E51BF5 /* AppDelegate.swift */ = {isa = PBXFileReference; lastKnownFileType = sourcecode.swift; path = AppDelegate.swift; sourceTree = "<group>"; };
		F515E30B24213ACF00E51BF5 /* SceneDelegate.swift */ = {isa = PBXFileReference; lastKnownFileType = sourcecode.swift; path = SceneDelegate.swift; sourceTree = "<group>"; };
		F515E30D24213ACF00E51BF5 /* ViewController.swift */ = {isa = PBXFileReference; lastKnownFileType = sourcecode.swift; path = ViewController.swift; sourceTree = "<group>"; };
		F515E31024213ACF00E51BF5 /* Base */ = {isa = PBXFileReference; lastKnownFileType = file.storyboard; name = Base; path = Base.lproj/Main.storyboard; sourceTree = "<group>"; };
		F515E31224213AD100E51BF5 /* Assets.xcassets */ = {isa = PBXFileReference; lastKnownFileType = folder.assetcatalog; path = Assets.xcassets; sourceTree = "<group>"; };
		F515E31524213AD100E51BF5 /* Base */ = {isa = PBXFileReference; lastKnownFileType = file.storyboard; name = Base; path = Base.lproj/LaunchScreen.storyboard; sourceTree = "<group>"; };
		F515E31724213AD100E51BF5 /* Info.plist */ = {isa = PBXFileReference; lastKnownFileType = text.plist.xml; path = Info.plist; sourceTree = "<group>"; };
		F59BC27E2422754D0065FCF1 /* GaodeLoca.swift */ = {isa = PBXFileReference; lastKnownFileType = sourcecode.swift; path = GaodeLoca.swift; sourceTree = "<group>"; };
		F59BC280242275F20065FCF1 /* Weather.swift */ = {isa = PBXFileReference; lastKnownFileType = sourcecode.swift; path = Weather.swift; sourceTree = "<group>"; };
		F59BC28524232BE60065FCF1 /* SelectcityController.swift */ = {isa = PBXFileReference; lastKnownFileType = sourcecode.swift; path = SelectcityController.swift; sourceTree = "<group>"; };
/* End PBXFileReference section */

/* Begin PBXFrameworksBuildPhase section */
		F515E30324213ACF00E51BF5 /* Frameworks */ = {
			isa = PBXFrameworksBuildPhase;
			buildActionMask = 2147483647;
			files = (
				B8B693A749320431DCB4767D /* Pods_Weather.framework in Frameworks */,
			);
			runOnlyForDeploymentPostprocessing = 0;
		};
/* End PBXFrameworksBuildPhase section */

/* Begin PBXGroup section */
		0F725B3D012D78105073A939 /* Pods */ = {
			isa = PBXGroup;
			children = (
				65E2359BD2546EA56B693FB1 /* Pods-Weather.debug.xcconfig */,
				8827B2B6BF4A6835C4CDBED1 /* Pods-Weather.release.xcconfig */,
			);
			name = Pods;
			sourceTree = "<group>";
		};
		0FDABC3CBE80A264B35A35B5 /* Frameworks */ = {
			isa = PBXGroup;
			children = (
				B8BD42E643E99C16C01F6D64 /* Pods_Weather.framework */,
			);
			name = Frameworks;
			sourceTree = "<group>";
		};
		F515E2FD24213ACF00E51BF5 = {
			isa = PBXGroup;
			children = (
				F515E30824213ACF00E51BF5 /* Weather */,
				F515E30724213ACF00E51BF5 /* Products */,
				0F725B3D012D78105073A939 /* Pods */,
				0FDABC3CBE80A264B35A35B5 /* Frameworks */,
			);
			sourceTree = "<group>";
		};
		F515E30724213ACF00E51BF5 /* Products */ = {
			isa = PBXGroup;
			children = (
				F515E30624213ACF00E51BF5 /* Weather.app */,
			);
			name = Products;
			sourceTree = "<group>";
		};
		F515E30824213ACF00E51BF5 /* Weather */ = {
			isa = PBXGroup;
			children = (
				F59BC27D2422753A0065FCF1 /* Model */,
				F59BC27B242274E10065FCF1 /* View */,
				F59BC27C2422751F0065FCF1 /* Controller */,
				F515E30B24213ACF00E51BF5 /* SceneDelegate.swift */,
				F515E30924213ACF00E51BF5 /* AppDelegate.swift */,
				F515E31724213AD100E51BF5 /* Info.plist */,
			);
			path = Weather;
			sourceTree = "<group>";
		};
		F59BC27B242274E10065FCF1 /* View */ = {
			isa = PBXGroup;
			children = (
				F515E31224213AD100E51BF5 /* Assets.xcassets */,
				F515E30F24213ACF00E51BF5 /* Main.storyboard */,
				F515E31424213AD100E51BF5 /* LaunchScreen.storyboard */,
			);
			path = View;
			sourceTree = "<group>";
		};
		F59BC27C2422751F0065FCF1 /* Controller */ = {
			isa = PBXGroup;
			children = (
				F515E30D24213ACF00E51BF5 /* ViewController.swift */,
				F59BC28524232BE60065FCF1 /* SelectcityController.swift */,
			);
			path = Controller;
			sourceTree = "<group>";
		};
		F59BC27D2422753A0065FCF1 /* Model */ = {
			isa = PBXGroup;
			children = (
				F59BC27E2422754D0065FCF1 /* GaodeLoca.swift */,
				F59BC280242275F20065FCF1 /* Weather.swift */,
			);
			path = Model;
			sourceTree = "<group>";
		};
/* End PBXGroup section */

/* Begin PBXNativeTarget section */
		F515E30524213ACF00E51BF5 /* Weather */ = {
			isa = PBXNativeTarget;
			buildConfigurationList = F515E31A24213AD100E51BF5 /* Build configuration list for PBXNativeTarget "Weather" */;
			buildPhases = (
				44EC87A12A801F956CB7E249 /* [CP] Check Pods Manifest.lock */,
				F515E30224213ACF00E51BF5 /* Sources */,
				F515E30324213ACF00E51BF5 /* Frameworks */,
				F515E30424213ACF00E51BF5 /* Resources */,
				28F7894823A3E63E129E0908 /* [CP] Embed Pods Frameworks */,
			);
			buildRules = (
			);
			dependencies = (
			);
			name = Weather;
			productName = Weather;
			productReference = F515E30624213ACF00E51BF5 /* Weather.app */;
			productType = "com.apple.product-type.application";
		};
/* End PBXNativeTarget section */

/* Begin PBXProject section */
		F515E2FE24213ACF00E51BF5 /* Project object */ = {
			isa = PBXProject;
			attributes = {
				LastSwiftUpdateCheck = 1110;
				LastUpgradeCheck = 1110;
				ORGANIZATIONNAME = shaoyifei;
				TargetAttributes = {
					F515E30524213ACF00E51BF5 = {
						CreatedOnToolsVersion = 11.1;
					};
				};
			};
			buildConfigurationList = F515E30124213ACF00E51BF5 /* Build configuration list for PBXProject "Weather" */;
			compatibilityVersion = "Xcode 9.3";
			developmentRegion = en;
			hasScannedForEncodings = 0;
			knownRegions = (
				en,
				Base,
			);
			mainGroup = F515E2FD24213ACF00E51BF5;
			productRefGroup = F515E30724213ACF00E51BF5 /* Products */;
			projectDirPath = "";
			projectRoot = "";
			targets = (
				F515E30524213ACF00E51BF5 /* Weather */,
			);
		};
/* End PBXProject section */

/* Begin PBXResourcesBuildPhase section */
		F515E30424213ACF00E51BF5 /* Resources */ = {
			isa = PBXResourcesBuildPhase;
			buildActionMask = 2147483647;
			files = (
				F515E31624213AD100E51BF5 /* LaunchScreen.storyboard in Resources */,
				F515E31324213AD100E51BF5 /* Assets.xcassets in Resources */,
				F515E31124213ACF00E51BF5 /* Main.storyboard in Resources */,
			);
			runOnlyForDeploymentPostprocessing = 0;
		};
/* End PBXResourcesBuildPhase section */

/* Begin PBXShellScriptBuildPhase section */
		28F7894823A3E63E129E0908 /* [CP] Embed Pods Frameworks */ = {
			isa = PBXShellScriptBuildPhase;
			buildActionMask = 2147483647;
			files = (
			);
			inputPaths = (
				"${SRCROOT}/Pods/Target Support Files/Pods-Weather/Pods-Weather-frameworks.sh",
				"${BUILT_PRODUCTS_DIR}/Alamofire/Alamofire.framework",
				"${BUILT_PRODUCTS_DIR}/SVProgressHUD/SVProgressHUD.framework",
				"${BUILT_PRODUCTS_DIR}/SwiftyJSON/SwiftyJSON.framework",
			);
			name = "[CP] Embed Pods Frameworks";
			outputPaths = (
				"${TARGET_BUILD_DIR}/${FRAMEWORKS_FOLDER_PATH}/Alamofire.framework",
				"${TARGET_BUILD_DIR}/${FRAMEWORKS_FOLDER_PATH}/SVProgressHUD.framework",
				"${TARGET_BUILD_DIR}/${FRAMEWORKS_FOLDER_PATH}/SwiftyJSON.framework",
			);
			runOnlyForDeploymentPostprocessing = 0;
			shellPath = /bin/sh;
			shellScript = "\"${SRCROOT}/Pods/Target Support Files/Pods-Weather/Pods-Weather-frameworks.sh\"\n";
			showEnvVarsInLog = 0;
		};
		44EC87A12A801F956CB7E249 /* [CP] Check Pods Manifest.lock */ = {
			isa = PBXShellScriptBuildPhase;
			buildActionMask = 2147483647;
			files = (
			);
			inputPaths = (
				"${PODS_PODFILE_DIR_PATH}/Podfile.lock",
				"${PODS_ROOT}/Manifest.lock",
			);
			name = "[CP] Check Pods Manifest.lock";
			outputPaths = (
				"$(DERIVED_FILE_DIR)/Pods-Weather-checkManifestLockResult.txt",
			);
			runOnlyForDeploymentPostprocessing = 0;
			shellPath = /bin/sh;
			shellScript = "diff \"${PODS_PODFILE_DIR_PATH}/Podfile.lock\" \"${PODS_ROOT}/Manifest.lock\" > /dev/null\nif [ $? != 0 ] ; then\n    # print error to STDERR\n    echo \"error: The sandbox is not in sync with the Podfile.lock. Run 'pod install' or update your CocoaPods installation.\" >&2\n    exit 1\nfi\n# This output is used by Xcode 'outputs' to avoid re-running this script phase.\necho \"SUCCESS\" > \"${SCRIPT_OUTPUT_FILE_0}\"\n";
			showEnvVarsInLog = 0;
		};
/* End PBXShellScriptBuildPhase section */

/* Begin PBXSourcesBuildPhase section */
		F515E30224213ACF00E51BF5 /* Sources */ = {
			isa = PBXSourcesBuildPhase;
			buildActionMask = 2147483647;
			files = (
				F515E30E24213ACF00E51BF5 /* ViewController.swift in Sources */,
				F59BC27F2422754D0065FCF1 /* GaodeLoca.swift in Sources */,
				F515E30A24213ACF00E51BF5 /* AppDelegate.swift in Sources */,
				F515E30C24213ACF00E51BF5 /* SceneDelegate.swift in Sources */,
				F59BC28624232BE60065FCF1 /* SelectcityController.swift in Sources */,
				F59BC281242275F20065FCF1 /* Weather.swift in Sources */,
			);
			runOnlyForDeploymentPostprocessing = 0;
		};
/* End PBXSourcesBuildPhase section */

/* Begin PBXVariantGroup section */
		F515E30F24213ACF00E51BF5 /* Main.storyboard */ = {
			isa = PBXVariantGroup;
			children = (
				F515E31024213ACF00E51BF5 /* Base */,
			);
			name = Main.storyboard;
			sourceTree = "<group>";
		};
		F515E31424213AD100E51BF5 /* LaunchScreen.storyboard */ = {
			isa = PBXVariantGroup;
			children = (
				F515E31524213AD100E51BF5 /* Base */,
			);
			name = LaunchScreen.storyboard;
			sourceTree = "<group>";
		};
/* End PBXVariantGroup section */

/* Begin XCBuildConfiguration section */
		F515E31824213AD100E51BF5 /* Debug */ = {
			isa = XCBuildConfiguration;
			buildSettings = {
				ALWAYS_SEARCH_USER_PATHS = NO;
				CLANG_ANALYZER_NONNULL = YES;
				CLANG_ANALYZER_NUMBER_OBJECT_CONVERSION = YES_AGGRESSIVE;
				CLANG_CXX_LANGUAGE_STANDARD = "gnu++14";
				CLANG_CXX_LIBRARY = "libc++";
				CLANG_ENABLE_MODULES = YES;
				CLANG_ENABLE_OBJC_ARC = YES;
				CLANG_ENABLE_OBJC_WEAK = YES;
				CLANG_WARN_BLOCK_CAPTURE_AUTORELEASING = YES;
				CLANG_WARN_BOOL_CONVERSION = YES;
				CLANG_WARN_COMMA = YES;
				CLANG_WARN_CONSTANT_CONVERSION = YES;
				CLANG_WARN_DEPRECATED_OBJC_IMPLEMENTATIONS = YES;
				CLANG_WARN_DIRECT_OBJC_ISA_USAGE = YES_ERROR;
				CLANG_WARN_DOCUMENTATION_COMMENTS = YES;
				CLANG_WARN_EMPTY_BODY = YES;
				CLANG_WARN_ENUM_CONVERSION = YES;
				CLANG_WARN_INFINITE_RECURSION = YES;
				CLANG_WARN_INT_CONVERSION = YES;
				CLANG_WARN_NON_LITERAL_NULL_CONVERSION = YES;
				CLANG_WARN_OBJC_IMPLICIT_RETAIN_SELF = YES;
				CLANG_WARN_OBJC_LITERAL_CONVERSION = YES;
				CLANG_WARN_OBJC_ROOT_CLASS = YES_ERROR;
				CLANG_WARN_RANGE_LOOP_ANALYSIS = YES;
				CLANG_WARN_STRICT_PROTOTYPES = YES;
				CLANG_WARN_SUSPICIOUS_MOVE = YES;
				CLANG_WARN_UNGUARDED_AVAILABILITY = YES_AGGRESSIVE;
				CLANG_WARN_UNREACHABLE_CODE = YES;
				CLANG_WARN__DUPLICATE_METHOD_MATCH = YES;
				COPY_PHASE_STRIP = NO;
				DEBUG_INFORMATION_FORMAT = dwarf;
				ENABLE_STRICT_OBJC_MSGSEND = YES;
				ENABLE_TESTABILITY = YES;
				GCC_C_LANGUAGE_STANDARD = gnu11;
				GCC_DYNAMIC_NO_PIC = NO;
				GCC_NO_COMMON_BLOCKS = YES;
				GCC_OPTIMIZATION_LEVEL = 0;
				GCC_PREPROCESSOR_DEFINITIONS = (
					"DEBUG=1",
					"$(inherited)",
				);
				GCC_WARN_64_TO_32_BIT_CONVERSION = YES;
				GCC_WARN_ABOUT_RETURN_TYPE = YES_ERROR;
				GCC_WARN_UNDECLARED_SELECTOR = YES;
				GCC_WARN_UNINITIALIZED_AUTOS = YES_AGGRESSIVE;
				GCC_WARN_UNUSED_FUNCTION = YES;
				GCC_WARN_UNUSED_VARIABLE = YES;
				IPHONEOS_DEPLOYMENT_TARGET = 13.1;
				MTL_ENABLE_DEBUG_INFO = INCLUDE_SOURCE;
				MTL_FAST_MATH = YES;
				ONLY_ACTIVE_ARCH = YES;
				SDKROOT = iphoneos;
				SWIFT_ACTIVE_COMPILATION_CONDITIONS = DEBUG;
				SWIFT_OPTIMIZATION_LEVEL = "-Onone";
			};
			name = Debug;
		};
		F515E31924213AD100E51BF5 /* Release */ = {
			isa = XCBuildConfiguration;
			buildSettings = {
				ALWAYS_SEARCH_USER_PATHS = NO;
				CLANG_ANALYZER_NONNULL = YES;
				CLANG_ANALYZER_NUMBER_OBJECT_CONVERSION = YES_AGGRESSIVE;
				CLANG_CXX_LANGUAGE_STANDARD = "gnu++14";
				CLANG_CXX_LIBRARY = "libc++";
				CLANG_ENABLE_MODULES = YES;
				CLANG_ENABLE_OBJC_ARC = YES;
				CLANG_ENABLE_OBJC_WEAK = YES;
				CLANG_WARN_BLOCK_CAPTURE_AUTORELEASING = YES;
				CLANG_WARN_BOOL_CONVERSION = YES;
				CLANG_WARN_COMMA = YES;
				CLANG_WARN_CONSTANT_CONVERSION = YES;
				CLANG_WARN_DEPRECATED_OBJC_IMPLEMENTATIONS = YES;
				CLANG_WARN_DIRECT_OBJC_ISA_USAGE = YES_ERROR;
				CLANG_WARN_DOCUMENTATION_COMMENTS = YES;
				CLANG_WARN_EMPTY_BODY = YES;
				CLANG_WARN_ENUM_CONVERSION = YES;
				CLANG_WARN_INFINITE_RECURSION = YES;
				CLANG_WARN_INT_CONVERSION = YES;
				CLANG_WARN_NON_LITERAL_NULL_CONVERSION = YES;
				CLANG_WARN_OBJC_IMPLICIT_RETAIN_SELF = YES;
				CLANG_WARN_OBJC_LITERAL_CONVERSION = YES;
				CLANG_WARN_OBJC_ROOT_CLASS = YES_ERROR;
				CLANG_WARN_RANGE_LOOP_ANALYSIS = YES;
				CLANG_WARN_STRICT_PROTOTYPES = YES;
				CLANG_WARN_SUSPICIOUS_MOVE = YES;
				CLANG_WARN_UNGUARDED_AVAILABILITY = YES_AGGRESSIVE;
				CLANG_WARN_UNREACHABLE_CODE = YES;
				CLANG_WARN__DUPLICATE_METHOD_MATCH = YES;
				COPY_PHASE_STRIP = NO;
				DEBUG_INFORMATION_FORMAT = "dwarf-with-dsym";
				ENABLE_NS_ASSERTIONS = NO;
				ENABLE_STRICT_OBJC_MSGSEND = YES;
				GCC_C_LANGUAGE_STANDARD = gnu11;
				GCC_NO_COMMON_BLOCKS = YES;
				GCC_WARN_64_TO_32_BIT_CONVERSION = YES;
				GCC_WARN_ABOUT_RETURN_TYPE = YES_ERROR;
				GCC_WARN_UNDECLARED_SELECTOR = YES;
				GCC_WARN_UNINITIALIZED_AUTOS = YES_AGGRESSIVE;
				GCC_WARN_UNUSED_FUNCTION = YES;
				GCC_WARN_UNUSED_VARIABLE = YES;
				IPHONEOS_DEPLOYMENT_TARGET = 13.1;
				MTL_ENABLE_DEBUG_INFO = NO;
				MTL_FAST_MATH = YES;
				SDKROOT = iphoneos;
				SWIFT_COMPILATION_MODE = wholemodule;
				SWIFT_OPTIMIZATION_LEVEL = "-O";
				VALIDATE_PRODUCT = YES;
			};
			name = Release;
		};
		F515E31B24213AD100E51BF5 /* Debug */ = {
			isa = XCBuildConfiguration;
			baseConfigurationReference = 65E2359BD2546EA56B693FB1 /* Pods-Weather.debug.xcconfig */;
			buildSettings = {
				ASSETCATALOG_COMPILER_APPICON_NAME = AppIcon;
				CODE_SIGN_STYLE = Automatic;
				DEVELOPMENT_TEAM = 57R29FM934;
				INFOPLIST_FILE = Weather/Info.plist;
				IPHONEOS_DEPLOYMENT_TARGET = 12.1;
				LD_RUNPATH_SEARCH_PATHS = (
					"$(inherited)",
					"@executable_path/Frameworks",
				);
				PRODUCT_BUNDLE_IDENTIFIER = com.shao1f.Weather;
				PRODUCT_NAME = "$(TARGET_NAME)";
				SWIFT_VERSION = 5.0;
				TARGETED_DEVICE_FAMILY = "1,2";
			};
			name = Debug;
		};
		F515E31C24213AD100E51BF5 /* Release */ = {
			isa = XCBuildConfiguration;
			baseConfigurationReference = 8827B2B6BF4A6835C4CDBED1 /* Pods-Weather.release.xcconfig */;
			buildSettings = {
				ASSETCATALOG_COMPILER_APPICON_NAME = AppIcon;
				CODE_SIGN_STYLE = Automatic;
				DEVELOPMENT_TEAM = 57R29FM934;
				INFOPLIST_FILE = Weather/Info.plist;
				IPHONEOS_DEPLOYMENT_TARGET = 12.1;
				LD_RUNPATH_SEARCH_PATHS = (
					"$(inherited)",
					"@executable_path/Frameworks",
				);
				PRODUCT_BUNDLE_IDENTIFIER = com.shao1f.Weather;
				PRODUCT_NAME = "$(TARGET_NAME)";
				SWIFT_VERSION = 5.0;
				TARGETED_DEVICE_FAMILY = "1,2";
			};
			name = Release;
		};
/* End XCBuildConfiguration section */

/* Begin XCConfigurationList section */
		F515E30124213ACF00E51BF5 /* Build configuration list for PBXProject "Weather" */ = {
			isa = XCConfigurationList;
			buildConfigurations = (
				F515E31824213AD100E51BF5 /* Debug */,
				F515E31924213AD100E51BF5 /* Release */,
			);
			defaultConfigurationIsVisible = 0;
			defaultConfigurationName = Release;
		};
		F515E31A24213AD100E51BF5 /* Build configuration list for PBXNativeTarget "Weather" */ = {
			isa = XCConfigurationList;
			buildConfigurations = (
				F515E31B24213AD100E51BF5 /* Debug */,
				F515E31C24213AD100E51BF5 /* Release */,
			);
			defaultConfigurationIsVisible = 0;
			defaultConfigurationName = Release;
		};
/* End XCConfigurationList section */
	};
	rootObject = F515E2FE24213ACF00E51BF5 /* Project object */;
}
